
Microsoft Visual Studio Solution File, Format Version 12.00
# Visual Studio Version 16
VisualStudioVersion = 16.0.29209.62
MinimumVisualStudioVersion = 10.0.40219.1
Project("{FAE04EC0-301F-11D3-BF4B-00C04F79EFBC}") = "WebApp", "WebApp\WebApp.csproj", "{0F46F1CB-DFAA-48E8-A459-8B89469A6D5E}"
EndProject
Project("{FAE04EC0-301F-11D3-BF4B-00C04F79EFBC}") = "ChinookSystem", "ChinookSystem\ChinookSystem.csproj", "{EB32403E-8E3F-44C4-A7CD-951F58BFA57D}"
EndProject
Project("{FAE04EC0-301F-11D3-BF4B-00C04F79EFBC}") = "ChinookSystem.Data", "ChinookSystem.Data\ChinookSystem.Data.csproj", "{E6A816F9-FD04-4ED6-8453-F905931BF1D8}"
EndProject
Global
	GlobalSection(SolutionConfigurationPlatforms) = preSolution
		Debug|Any CPU = Debug|Any CPU
		Release|Any CPU = Release|Any CPU
	EndGlobalSection
	GlobalSection(ProjectConfigurationPlatforms) = postSolution
		{0F46F1CB-DFAA-48E8-A459-8B89469A6D5E}.Debug|Any CPU.ActiveCfg = Debug|Any CPU
		{0F46F1CB-DFAA-48E8-A459-8B89469A6D5E}.Debug|Any CPU.Build.0 = Debug|Any CPU
		{0F46F1CB-DFAA-48E8-A459-8B89469A6D5E}.Release|Any CPU.ActiveCfg = Release|Any CPU
		{0F46F1CB-DFAA-48E8-A459-8B89469A6D5E}.Release|Any CPU.Build.0 = Release|Any CPU
		{EB32403E-8E3F-44C4-A7CD-951F58BFA57D}.Debug|Any CPU.ActiveCfg = Debug|Any CPU
		{EB32403E-8E3F-44C4-A7CD-951F58BFA57D}.Debug|Any CPU.Build.0 = Debug|Any CPU
		{EB32403E-8E3F-44C4-A7CD-951F58BFA57D}.Release|Any CPU.ActiveCfg = Release|Any CPU
		{EB32403E-8E3F-44C4-A7CD-951F58BFA57D}.Release|Any CPU.Build.0 = Release|Any CPU
		{E6A816F9-FD04-4ED6-8453-F905931BF1D8}.Debug|Any CPU.ActiveCfg = Debug|Any CPU
		{E6A816F9-FD04-4ED6-8453-F905931BF1D8}.Debug|Any CPU.Build.0 = Debug|Any CPU
		{E6A816F9-FD04-4ED6-8453-F905931BF1D8}.Release|Any CPU.ActiveCfg = Release|Any CPU
		{E6A816F9-FD04-4ED6-8453-F905931BF1D8}.Release|Any CPU.Build.0 = Release|Any CPU
	EndGlobalSection
	GlobalSection(SolutionProperties) = preSolution
		HideSolutionNode = FALSE
	EndGlobalSection
	GlobalSection(ExtensibilityGlobals) = postSolution
		SolutionGuid = {D492EE6C-4DBC-434D-A5D9-C8029E8FEE5F}
	EndGlobalSection
EndGlobal
